# THIS IS AN AUTOGENERATED FILE. DO NOT EDIT THIS FILE DIRECTLY.
# yarn lockfile v1
coffee-script@^1.10.0:
  version "1.11.1"
  resolved "https://registry.yarnpkg.com/coffee-script/-/coffee-script-1.11.1.tgz#bf1c47ad64443a0d95d12df2b147cc0a4daad6e9"

encoding@^0.1.11:
  version "0.1.12"
  resolved "https://registry.yarnpkg.com/encoding/-/encoding-0.1.12.tgz#538b66f3ee62cd1ab51ec323829d1f9480c74beb"
  dependencies:
    iconv-lite "~0.4.13"

es6-promise@3.0.2:
  version "3.0.2"
  resolved "https://registry.yarnpkg.com/es6-promise/-/es6-promise-3.0.2.tgz#010d5858423a5f118979665f46486a95c6ee2bb6"

fuse.js@^2.2.0:
  version "2.5.0"
  resolved "https://registry.yarnpkg.com/fuse.js/-/fuse.js-2.5.0.tgz#98295c2ac1684edbba22250d7049cb6f033e95ce"

iconv-lite@~0.4.13:
  version "0.4.13"
  resolved "https://registry.yarnpkg.com/iconv-lite/-/iconv-lite-0.4.13.tgz#1f88aba4ab0b1508e8312acc39345f36e992e2f2"

is-stream@^1.0.1:
  version "1.1.0"
  resolved "https://registry.yarnpkg.com/is-stream/-/is-stream-1.1.0.tgz#12d4a3dd4e68e0b79ceb8dbc84173ae80d91ca44"

lodash@^3.10.1:
  version "3.10.1"
  resolved "https://registry.yarnpkg.com/lodash/-/lodash-3.10.1.tgz#5bf45e8e49ba4189e17d482789dfd15bd140b7b6"

memory-cache@^0.1.5:
  version "0.1.6"
  resolved "https://registry.yarnpkg.com/memory-cache/-/memory-cache-0.1.6.tgz#2ed9933ed7a8c718249be7366f7ca8749acf8a24"

moment@^2.12.0:
  version "2.15.2"
  resolved "https://registry.yarnpkg.com/moment/-/moment-2.15.2.tgz#1bfdedf6a6e345f322fe956d5df5bd08a8ce84dc"

node-dogstatsd:
  version "0.0.6"
  resolved "https://registry.yarnpkg.com/node-dogstatsd/-/node-dogstatsd-0.0.6.tgz#d697e4d1903a7ff0c16479cd5d1cde043737e047"

node-fetch@^1.5.1:
  version "1.6.3"
  resolved "https://registry.yarnpkg.com/node-fetch/-/node-fetch-1.6.3.tgz#dc234edd6489982d58e8f0db4f695029abcd8c04"
  dependencies:
    encoding "^0.1.11"
    is-stream "^1.0.1"

octokat@^0.5.0-beta.0:
  version "0.5.0-beta.0"
  resolved "https://registry.yarnpkg.com/octokat/-/octokat-0.5.0-beta.0.tgz#92ca758b959b2edb363a3defdbc043c27694404b"
  dependencies:
    es6-promise "3.0.2"
    lodash "^3.10.1"
    xmlhttprequest "~1.8.0"

underscore@^1.8.3:
  version "1.8.3"
  resolved "https://registry.yarnpkg.com/underscore/-/underscore-1.8.3.tgz#4f3fb53b106e6097fcf9cb4109f2a5e9bdfa5022"

xmlhttprequest@~1.8.0:
  version "1.8.0"
  resolved "https://registry.yarnpkg.com/xmlhttprequest/-/xmlhttprequest-1.8.0.tgz#67fe075c5c24fef39f9d65f5f7b7fe75171968fc"

